
Microsoft Visual Studio Solution File, Format Version 12.00
# Visual Studio Version 17
VisualStudioVersion = 17.11.35327.3
MinimumVisualStudioVersion = 10.0.40219.1
Project("{FAE04EC0-301F-11D3-BF4B-00C04F79EFBC}") = "DotNetBath14MTZO.MobileTransfer", "DotNetBath14MTZO.MobileTransfer\DotNetBath14MTZO.MobileTransfer.csproj", "{3F68F0A1-C6C3-41BB-8DDC-3B6860AC88FD}"
EndProject
Global
	GlobalSection(SolutionConfigurationPlatforms) = preSolution
		Debug|Any CPU = Debug|Any CPU
		Release|Any CPU = Release|Any CPU
	EndGlobalSection
	GlobalSection(ProjectConfigurationPlatforms) = postSolution
		{3F68F0A1-C6C3-41BB-8DDC-3B6860AC88FD}.Debug|Any CPU.ActiveCfg = Debug|Any CPU
		{3F68F0A1-C6C3-41BB-8DDC-3B6860AC88FD}.Debug|Any CPU.Build.0 = Debug|Any CPU
		{3F68F0A1-C6C3-41BB-8DDC-3B6860AC88FD}.Release|Any CPU.ActiveCfg = Release|Any CPU
		{3F68F0A1-C6C3-41BB-8DDC-3B6860AC88FD}.Release|Any CPU.Build.0 = Release|Any CPU
	EndGlobalSection
	GlobalSection(SolutionProperties) = preSolution
		HideSolutionNode = FALSE
	EndGlobalSection
	GlobalSection(ExtensibilityGlobals) = postSolution
		SolutionGuid = {22652F24-4B7C-4A2D-91DF-D40A2E786D43}
	EndGlobalSection
EndGlobal
